
Microsoft Visual Studio Solution File, Format Version 12.00
# Visual Studio Version 17
VisualStudioVersion = 17.2.32630.192
MinimumVisualStudioVersion = 10.0.40219.1
Project("{FAE04EC0-301F-11D3-BF4B-00C04F79EFBC}") = "NetworkTestfield", "NetworkTestfield\NetworkTestfield.csproj", "{87BCE6DF-293A-4558-A8D2-656C7CE98022}"
EndProject
Project("{FAE04EC0-301F-11D3-BF4B-00C04F79EFBC}") = "TcpClientTest", "TcpClientTest\TcpClientTest.csproj", "{3BF548F8-A201-44F9-B2F7-16790D2FF20E}"
EndProject
Project("{FAE04EC0-301F-11D3-BF4B-00C04F79EFBC}") = "TcpListenerTest", "TcpListenerTest\TcpListenerTest.csproj", "{5E2AF50C-0165-4A04-8406-0F48A949965D}"
EndProject
Global
	GlobalSection(SolutionConfigurationPlatforms) = preSolution
		Debug|Any CPU = Debug|Any CPU
		Release|Any CPU = Release|Any CPU
	EndGlobalSection
	GlobalSection(ProjectConfigurationPlatforms) = postSolution
		{87BCE6DF-293A-4558-A8D2-656C7CE98022}.Debug|Any CPU.ActiveCfg = Debug|Any CPU
		{87BCE6DF-293A-4558-A8D2-656C7CE98022}.Debug|Any CPU.Build.0 = Debug|Any CPU
		{87BCE6DF-293A-4558-A8D2-656C7CE98022}.Release|Any CPU.ActiveCfg = Release|Any CPU
		{87BCE6DF-293A-4558-A8D2-656C7CE98022}.Release|Any CPU.Build.0 = Release|Any CPU
		{3BF548F8-A201-44F9-B2F7-16790D2FF20E}.Debug|Any CPU.ActiveCfg = Debug|Any CPU
		{3BF548F8-A201-44F9-B2F7-16790D2FF20E}.Debug|Any CPU.Build.0 = Debug|Any CPU
		{3BF548F8-A201-44F9-B2F7-16790D2FF20E}.Release|Any CPU.ActiveCfg = Release|Any CPU
		{3BF548F8-A201-44F9-B2F7-16790D2FF20E}.Release|Any CPU.Build.0 = Release|Any CPU
		{5E2AF50C-0165-4A04-8406-0F48A949965D}.Debug|Any CPU.ActiveCfg = Debug|Any CPU
		{5E2AF50C-0165-4A04-8406-0F48A949965D}.Debug|Any CPU.Build.0 = Debug|Any CPU
		{5E2AF50C-0165-4A04-8406-0F48A949965D}.Release|Any CPU.ActiveCfg = Release|Any CPU
		{5E2AF50C-0165-4A04-8406-0F48A949965D}.Release|Any CPU.Build.0 = Release|Any CPU
	EndGlobalSection
	GlobalSection(SolutionProperties) = preSolution
		HideSolutionNode = FALSE
	EndGlobalSection
	GlobalSection(ExtensibilityGlobals) = postSolution
		SolutionGuid = {9F78D5A4-A515-407F-803E-004B30466F07}
	EndGlobalSection
EndGlobal
